
Microsoft Visual Studio Solution File, Format Version 12.00
# Visual Studio Version 16
VisualStudioVersion = 16.0.31402.337
MinimumVisualStudioVersion = 10.0.40219.1
Project("{9A19103F-16F7-4668-BE54-9A1E7A4F7556}") = "repositoryhost", "Applications\repositoryhost\repositoryhost.csproj", "{1649F0C4-A8F4-4835-8D8F-44B07F02BFD6}"
EndProject
Project("{9A19103F-16F7-4668-BE54-9A1E7A4F7556}") = "Goedel.Repository", "Code\Goedel.Repository\Goedel.Repository.csproj", "{207F564A-4341-4C8F-A33E-0F151A89F772}"
EndProject
Project("{9A19103F-16F7-4668-BE54-9A1E7A4F7556}") = "RepositorySpecification", "Specification\RepositorySpecification.csproj", "{4081427D-3168-45CA-90C7-FD6F3BD065ED}"
EndProject
Project("{9A19103F-16F7-4668-BE54-9A1E7A4F7556}") = "RepositorySpecificationUnit", "Tests\SpecificationUnit\RepositorySpecificationUnit.csproj", "{971F3418-D21C-4D08-8B3D-E25713B27372}"
EndProject
Project("{E24C65DC-7377-472B-9ABA-BC803B73C61A}") = "Output", "Output\", "{83294E25-0B37-4B3F-A821-7730A76B01DB}"
	ProjectSection(WebsiteProperties) = preProject
		TargetFrameworkMoniker = ".NETFramework,Version%3Dv4.0"
		Debug.AspNetCompiler.VirtualPath = "/localhost_63200"
		Debug.AspNetCompiler.PhysicalPath = "Output\"
		Debug.AspNetCompiler.TargetPath = "PrecompiledWeb\localhost_63200\"
		Debug.AspNetCompiler.Updateable = "true"
		Debug.AspNetCompiler.ForceOverwrite = "true"
		Debug.AspNetCompiler.FixedNames = "false"
		Debug.AspNetCompiler.Debug = "True"
		Release.AspNetCompiler.VirtualPath = "/localhost_63200"
		Release.AspNetCompiler.PhysicalPath = "Output\"
		Release.AspNetCompiler.TargetPath = "PrecompiledWeb\localhost_63200\"
		Release.AspNetCompiler.Updateable = "true"
		Release.AspNetCompiler.ForceOverwrite = "true"
		Release.AspNetCompiler.FixedNames = "false"
		Release.AspNetCompiler.Debug = "False"
		VWDPort = "63200"
		SlnRelativePath = "Output\"
	EndProjectSection
EndProject
Project("{2150E333-8FDC-42A3-9474-1A3956D46DE8}") = "Documentation", "Documentation", "{ABB78329-764B-4E40-BD37-CEA394A9984F}"
EndProject
Project("{2150E333-8FDC-42A3-9474-1A3956D46DE8}") = "Application", "Application", "{686756E8-0590-4BDD-8FD1-7970B28DD7A7}"
EndProject
Project("{2150E333-8FDC-42A3-9474-1A3956D46DE8}") = "Libraries", "Libraries", "{F1AFC7EC-7329-4FB1-A522-F39A8A32DC0B}"
EndProject
Project("{2150E333-8FDC-42A3-9474-1A3956D46DE8}") = "Code", "Code", "{39908450-823B-4875-856F-728AFA12F1AF}"
EndProject
Project("{2150E333-8FDC-42A3-9474-1A3956D46DE8}") = "Test", "Test", "{0E5E8890-BA6C-4E9E-8591-20D521295BC5}"
EndProject
Project("{9A19103F-16F7-4668-BE54-9A1E7A4F7556}") = "Goedel.Repository.Client", "Code\Goedel.Repository.Client\Goedel.Repository.Client.csproj", "{25942FC9-3341-4A52-8D5A-0BAFCA36E0D0}"
EndProject
Project("{9A19103F-16F7-4668-BE54-9A1E7A4F7556}") = "Goedel.Repository.Server", "Code\Goedel.Repository.Server\Goedel.Repository.Server.csproj", "{9E2F87A5-D424-42F6-B5C7-31089C68BD4E}"
EndProject
Project("{2150E333-8FDC-42A3-9474-1A3956D46DE8}") = "Shells", "Shells", "{6D06B2A3-36E6-44A9-B34B-A42DA26313D6}"
EndProject
Project("{9A19103F-16F7-4668-BE54-9A1E7A4F7556}") = "Goedel.Repository.Shell", "Code\Goedel.Repository.Shell\Goedel.Repository.Shell.csproj", "{73B63D15-6A7A-4B0A-A73B-CB75B7EF483A}"
EndProject
Project("{9A19103F-16F7-4668-BE54-9A1E7A4F7556}") = "repository", "Applications\repository\repository.csproj", "{8992C3F5-10DE-4689-BAE6-9564DFB72C2C}"
EndProject
Project("{9A19103F-16F7-4668-BE54-9A1E7A4F7556}") = "Scratchpad", "Tests\Scratchpad\Scratchpad.csproj", "{7FD8039A-4B36-4BEE-B698-3CCEAD57D3DA}"
EndProject
Project("{9A19103F-16F7-4668-BE54-9A1E7A4F7556}") = "Goedel.Protocol.Presentation", "..\..\mmm\Libraries\Goedel.Protocol.Presentation\Goedel.Protocol.Presentation.csproj", "{CC89DEF9-8371-4E63-8F45-CFCA7965C766}"
EndProject
Project("{9A19103F-16F7-4668-BE54-9A1E7A4F7556}") = "Goedel.Protocol", "..\..\mmm\Libraries\Goedel.Protocol\Goedel.Protocol.csproj", "{5D6A3151-A317-42D0-BEF4-13621487B3B0}"
EndProject
Project("{9A19103F-16F7-4668-BE54-9A1E7A4F7556}") = "Goedel.Mesh.ServiceAdmin", "..\..\mmm\Mesh\Goedel.Mesh.ServiceAdmin\Goedel.Mesh.ServiceAdmin.csproj", "{29647289-C949-4A05-B43F-AFF5D2134A3A}"
EndProject
Project("{9A19103F-16F7-4668-BE54-9A1E7A4F7556}") = "Goedel.Cryptography.Core", "..\..\mmm\Libraries\Goedel.Cryptography.Core\Goedel.Cryptography.Core.csproj", "{697FAAE6-C744-4462-8A95-AEAE2077CEBE}"
EndProject
Project("{9A19103F-16F7-4668-BE54-9A1E7A4F7556}") = "Goedel.Mesh.Shell.Host", "..\..\mmm\Mesh\Goedel.Mesh.Shell.Host\Goedel.Mesh.Shell.Host.csproj", "{23610CF0-65B8-4C4B-BCAE-9C3233A4380F}"
EndProject
Project("{9A19103F-16F7-4668-BE54-9A1E7A4F7556}") = "Goedel.Mesh.Management", "..\..\mmm\Mesh\Goedel.Mesh.Management\Goedel.Mesh.Management.csproj", "{768DD9AC-878D-4E1F-ADB9-A35C40DDFF98}"
EndProject
Project("{9A19103F-16F7-4668-BE54-9A1E7A4F7556}") = "Goedel.Cryptography", "..\..\mmm\Libraries\Goedel.Cryptography\Goedel.Cryptography.csproj", "{773AA019-3995-4638-8DF4-8432E30C7A47}"
EndProject
Project("{9A19103F-16F7-4668-BE54-9A1E7A4F7556}") = "Goedel.Cryptography.Dare", "..\..\mmm\Libraries\Goedel.Cryptography.Dare\Goedel.Cryptography.Dare.csproj", "{EA74913D-853E-4C07-B537-2B836C927134}"
EndProject
Project("{9A19103F-16F7-4668-BE54-9A1E7A4F7556}") = "Goedel.Cryptography.Jose", "..\..\mmm\Libraries\Goedel.Cryptography.Jose\Goedel.Cryptography.Jose.csproj", "{CE522B01-239F-417D-A8D6-27D78FE4DFD3}"
EndProject
Project("{9A19103F-16F7-4668-BE54-9A1E7A4F7556}") = "Goedel.Test", "..\..\mmm\Libraries\Goedel.Test\Goedel.Test.csproj", "{A655F26C-BEA1-4469-8C2D-1BDF48DE826D}"
EndProject
Project("{9A19103F-16F7-4668-BE54-9A1E7A4F7556}") = "Goedel.Registry", "..\..\mmm\Libraries\Core\Goedel.Registry\Goedel.Registry.csproj", "{56A35D03-FA02-4010-AC90-F88FE234EF10}"
EndProject
Project("{9A19103F-16F7-4668-BE54-9A1E7A4F7556}") = "Goedel.IO", "..\..\mmm\Libraries\Core\Goedel.IO\Goedel.IO.csproj", "{DD83EFBF-DA84-4B6F-97A1-003C6BAE5A19}"
EndProject
Project("{9A19103F-16F7-4668-BE54-9A1E7A4F7556}") = "Goedel.FSR", "..\..\mmm\Libraries\Core\Goedel.FSR\Goedel.FSR.csproj", "{079D5BB5-06C9-400D-BF04-68542436D33D}"
EndProject
Project("{9A19103F-16F7-4668-BE54-9A1E7A4F7556}") = "Goedel.Utilities", "..\..\mmm\Libraries\Core\Goedel.Utilities\Goedel.Utilities.csproj", "{EF8F812A-FC15-42D6-A0C6-A7DCB83894F7}"
EndProject
Project("{9A19103F-16F7-4668-BE54-9A1E7A4F7556}") = "Goedel.ASN", "..\..\mmm\Libraries\Goedel.ASN\Goedel.ASN.csproj", "{299098A1-1EB5-4E73-B8A2-5BF1777CD81F}"
EndProject
Project("{9A19103F-16F7-4668-BE54-9A1E7A4F7556}") = "Goedel.Discovery", "..\..\mmm\Libraries\Goedel.Discovery\Goedel.Discovery.csproj", "{A2841C18-07E7-47B2-96DF-5E0E023C0952}"
EndProject
Project("{2150E333-8FDC-42A3-9474-1A3956D46DE8}") = "Solution Items", "Solution Items", "{1DD8EF73-6DA0-4F0E-A31E-7AE9537E067F}"
	ProjectSection(SolutionItems) = preProject
		.gitignore = .gitignore
		LICENSE = LICENSE
		readme.md = readme.md
	EndProjectSection
EndProject
Global
	GlobalSection(SolutionConfigurationPlatforms) = preSolution
		Debug|Any CPU = Debug|Any CPU
		Focus|Any CPU = Focus|Any CPU
		Release|Any CPU = Release|Any CPU
		Windows|Any CPU = Windows|Any CPU
		Yaschema|Any CPU = Yaschema|Any CPU
	EndGlobalSection
	GlobalSection(ProjectConfigurationPlatforms) = postSolution
		{1649F0C4-A8F4-4835-8D8F-44B07F02BFD6}.Debug|Any CPU.ActiveCfg = Debug|Any CPU
		{1649F0C4-A8F4-4835-8D8F-44B07F02BFD6}.Debug|Any CPU.Build.0 = Debug|Any CPU
		{1649F0C4-A8F4-4835-8D8F-44B07F02BFD6}.Focus|Any CPU.ActiveCfg = Debug|Any CPU
		{1649F0C4-A8F4-4835-8D8F-44B07F02BFD6}.Focus|Any CPU.Build.0 = Debug|Any CPU
		{1649F0C4-A8F4-4835-8D8F-44B07F02BFD6}.Release|Any CPU.ActiveCfg = Release|Any CPU
		{1649F0C4-A8F4-4835-8D8F-44B07F02BFD6}.Release|Any CPU.Build.0 = Release|Any CPU
		{1649F0C4-A8F4-4835-8D8F-44B07F02BFD6}.Windows|Any CPU.ActiveCfg = Debug|Any CPU
		{1649F0C4-A8F4-4835-8D8F-44B07F02BFD6}.Windows|Any CPU.Build.0 = Debug|Any CPU
		{1649F0C4-A8F4-4835-8D8F-44B07F02BFD6}.Yaschema|Any CPU.ActiveCfg = Release|Any CPU
		{1649F0C4-A8F4-4835-8D8F-44B07F02BFD6}.Yaschema|Any CPU.Build.0 = Release|Any CPU
		{207F564A-4341-4C8F-A33E-0F151A89F772}.Debug|Any CPU.ActiveCfg = Debug|Any CPU
		{207F564A-4341-4C8F-A33E-0F151A89F772}.Debug|Any CPU.Build.0 = Debug|Any CPU
		{207F564A-4341-4C8F-A33E-0F151A89F772}.Focus|Any CPU.ActiveCfg = Focus|Any CPU
		{207F564A-4341-4C8F-A33E-0F151A89F772}.Focus|Any CPU.Build.0 = Focus|Any CPU
		{207F564A-4341-4C8F-A33E-0F151A89F772}.Release|Any CPU.ActiveCfg = Release|Any CPU
		{207F564A-4341-4C8F-A33E-0F151A89F772}.Release|Any CPU.Build.0 = Release|Any CPU
		{207F564A-4341-4C8F-A33E-0F151A89F772}.Windows|Any CPU.ActiveCfg = Windows|Any CPU
		{207F564A-4341-4C8F-A33E-0F151A89F772}.Windows|Any CPU.Build.0 = Windows|Any CPU
		{207F564A-4341-4C8F-A33E-0F151A89F772}.Yaschema|Any CPU.ActiveCfg = Windows|Any CPU
		{207F564A-4341-4C8F-A33E-0F151A89F772}.Yaschema|Any CPU.Build.0 = Windows|Any CPU
		{4081427D-3168-45CA-90C7-FD6F3BD065ED}.Debug|Any CPU.ActiveCfg = Debug|Any CPU
		{4081427D-3168-45CA-90C7-FD6F3BD065ED}.Debug|Any CPU.Build.0 = Debug|Any CPU
		{4081427D-3168-45CA-90C7-FD6F3BD065ED}.Focus|Any CPU.ActiveCfg = Focus|Any CPU
		{4081427D-3168-45CA-90C7-FD6F3BD065ED}.Focus|Any CPU.Build.0 = Focus|Any CPU
		{4081427D-3168-45CA-90C7-FD6F3BD065ED}.Release|Any CPU.ActiveCfg = Release|Any CPU
		{4081427D-3168-45CA-90C7-FD6F3BD065ED}.Release|Any CPU.Build.0 = Release|Any CPU
		{4081427D-3168-45CA-90C7-FD6F3BD065ED}.Windows|Any CPU.ActiveCfg = Windows|Any CPU
		{4081427D-3168-45CA-90C7-FD6F3BD065ED}.Windows|Any CPU.Build.0 = Windows|Any CPU
		{4081427D-3168-45CA-90C7-FD6F3BD065ED}.Yaschema|Any CPU.ActiveCfg = Windows|Any CPU
		{4081427D-3168-45CA-90C7-FD6F3BD065ED}.Yaschema|Any CPU.Build.0 = Windows|Any CPU
		{971F3418-D21C-4D08-8B3D-E25713B27372}.Debug|Any CPU.ActiveCfg = Debug|Any CPU
		{971F3418-D21C-4D08-8B3D-E25713B27372}.Debug|Any CPU.Build.0 = Debug|Any CPU
		{971F3418-D21C-4D08-8B3D-E25713B27372}.Focus|Any CPU.ActiveCfg = Debug|Any CPU
		{971F3418-D21C-4D08-8B3D-E25713B27372}.Focus|Any CPU.Build.0 = Debug|Any CPU
		{971F3418-D21C-4D08-8B3D-E25713B27372}.Release|Any CPU.ActiveCfg = Release|Any CPU
		{971F3418-D21C-4D08-8B3D-E25713B27372}.Release|Any CPU.Build.0 = Release|Any CPU
		{971F3418-D21C-4D08-8B3D-E25713B27372}.Windows|Any CPU.ActiveCfg = Debug|Any CPU
		{971F3418-D21C-4D08-8B3D-E25713B27372}.Windows|Any CPU.Build.0 = Debug|Any CPU
		{971F3418-D21C-4D08-8B3D-E25713B27372}.Yaschema|Any CPU.ActiveCfg = Release|Any CPU
		{971F3418-D21C-4D08-8B3D-E25713B27372}.Yaschema|Any CPU.Build.0 = Release|Any CPU
		{83294E25-0B37-4B3F-A821-7730A76B01DB}.Debug|Any CPU.ActiveCfg = Debug|Any CPU
		{83294E25-0B37-4B3F-A821-7730A76B01DB}.Debug|Any CPU.Build.0 = Debug|Any CPU
		{83294E25-0B37-4B3F-A821-7730A76B01DB}.Focus|Any CPU.ActiveCfg = Debug|Any CPU
		{83294E25-0B37-4B3F-A821-7730A76B01DB}.Focus|Any CPU.Build.0 = Debug|Any CPU
		{83294E25-0B37-4B3F-A821-7730A76B01DB}.Release|Any CPU.ActiveCfg = Debug|Any CPU
		{83294E25-0B37-4B3F-A821-7730A76B01DB}.Release|Any CPU.Build.0 = Debug|Any CPU
		{83294E25-0B37-4B3F-A821-7730A76B01DB}.Windows|Any CPU.ActiveCfg = Debug|Any CPU
		{83294E25-0B37-4B3F-A821-7730A76B01DB}.Windows|Any CPU.Build.0 = Debug|Any CPU
		{83294E25-0B37-4B3F-A821-7730A76B01DB}.Yaschema|Any CPU.ActiveCfg = Debug|Any CPU
		{83294E25-0B37-4B3F-A821-7730A76B01DB}.Yaschema|Any CPU.Build.0 = Debug|Any CPU
		{25942FC9-3341-4A52-8D5A-0BAFCA36E0D0}.Debug|Any CPU.ActiveCfg = Debug|Any CPU
		{25942FC9-3341-4A52-8D5A-0BAFCA36E0D0}.Debug|Any CPU.Build.0 = Debug|Any CPU
		{25942FC9-3341-4A52-8D5A-0BAFCA36E0D0}.Focus|Any CPU.ActiveCfg = Debug|Any CPU
		{25942FC9-3341-4A52-8D5A-0BAFCA36E0D0}.Focus|Any CPU.Build.0 = Debug|Any CPU
		{25942FC9-3341-4A52-8D5A-0BAFCA36E0D0}.Release|Any CPU.ActiveCfg = Release|Any CPU
		{25942FC9-3341-4A52-8D5A-0BAFCA36E0D0}.Release|Any CPU.Build.0 = Release|Any CPU
		{25942FC9-3341-4A52-8D5A-0BAFCA36E0D0}.Windows|Any CPU.ActiveCfg = Debug|Any CPU
		{25942FC9-3341-4A52-8D5A-0BAFCA36E0D0}.Windows|Any CPU.Build.0 = Debug|Any CPU
		{25942FC9-3341-4A52-8D5A-0BAFCA36E0D0}.Yaschema|Any CPU.ActiveCfg = Release|Any CPU
		{25942FC9-3341-4A52-8D5A-0BAFCA36E0D0}.Yaschema|Any CPU.Build.0 = Release|Any CPU
		{9E2F87A5-D424-42F6-B5C7-31089C68BD4E}.Debug|Any CPU.ActiveCfg = Debug|Any CPU
		{9E2F87A5-D424-42F6-B5C7-31089C68BD4E}.Debug|Any CPU.Build.0 = Debug|Any CPU
		{9E2F87A5-D424-42F6-B5C7-31089C68BD4E}.Focus|Any CPU.ActiveCfg = Debug|Any CPU
		{9E2F87A5-D424-42F6-B5C7-31089C68BD4E}.Focus|Any CPU.Build.0 = Debug|Any CPU
		{9E2F87A5-D424-42F6-B5C7-31089C68BD4E}.Release|Any CPU.ActiveCfg = Release|Any CPU
		{9E2F87A5-D424-42F6-B5C7-31089C68BD4E}.Release|Any CPU.Build.0 = Release|Any CPU
		{9E2F87A5-D424-42F6-B5C7-31089C68BD4E}.Windows|Any CPU.ActiveCfg = Debug|Any CPU
		{9E2F87A5-D424-42F6-B5C7-31089C68BD4E}.Windows|Any CPU.Build.0 = Debug|Any CPU
		{9E2F87A5-D424-42F6-B5C7-31089C68BD4E}.Yaschema|Any CPU.ActiveCfg = Release|Any CPU
		{9E2F87A5-D424-42F6-B5C7-31089C68BD4E}.Yaschema|Any CPU.Build.0 = Release|Any CPU
		{73B63D15-6A7A-4B0A-A73B-CB75B7EF483A}.Debug|Any CPU.ActiveCfg = Debug|Any CPU
		{73B63D15-6A7A-4B0A-A73B-CB75B7EF483A}.Debug|Any CPU.Build.0 = Debug|Any CPU
		{73B63D15-6A7A-4B0A-A73B-CB75B7EF483A}.Focus|Any CPU.ActiveCfg = Debug|Any CPU
		{73B63D15-6A7A-4B0A-A73B-CB75B7EF483A}.Focus|Any CPU.Build.0 = Debug|Any CPU
		{73B63D15-6A7A-4B0A-A73B-CB75B7EF483A}.Release|Any CPU.ActiveCfg = Release|Any CPU
		{73B63D15-6A7A-4B0A-A73B-CB75B7EF483A}.Release|Any CPU.Build.0 = Release|Any CPU
		{73B63D15-6A7A-4B0A-A73B-CB75B7EF483A}.Windows|Any CPU.ActiveCfg = Debug|Any CPU
		{73B63D15-6A7A-4B0A-A73B-CB75B7EF483A}.Windows|Any CPU.Build.0 = Debug|Any CPU
		{73B63D15-6A7A-4B0A-A73B-CB75B7EF483A}.Yaschema|Any CPU.ActiveCfg = Release|Any CPU
		{73B63D15-6A7A-4B0A-A73B-CB75B7EF483A}.Yaschema|Any CPU.Build.0 = Release|Any CPU
		{8992C3F5-10DE-4689-BAE6-9564DFB72C2C}.Debug|Any CPU.ActiveCfg = Debug|Any CPU
		{8992C3F5-10DE-4689-BAE6-9564DFB72C2C}.Debug|Any CPU.Build.0 = Debug|Any CPU
		{8992C3F5-10DE-4689-BAE6-9564DFB72C2C}.Focus|Any CPU.ActiveCfg = Debug|Any CPU
		{8992C3F5-10DE-4689-BAE6-9564DFB72C2C}.Focus|Any CPU.Build.0 = Debug|Any CPU
		{8992C3F5-10DE-4689-BAE6-9564DFB72C2C}.Release|Any CPU.ActiveCfg = Release|Any CPU
		{8992C3F5-10DE-4689-BAE6-9564DFB72C2C}.Release|Any CPU.Build.0 = Release|Any CPU
		{8992C3F5-10DE-4689-BAE6-9564DFB72C2C}.Windows|Any CPU.ActiveCfg = Debug|Any CPU
		{8992C3F5-10DE-4689-BAE6-9564DFB72C2C}.Windows|Any CPU.Build.0 = Debug|Any CPU
		{8992C3F5-10DE-4689-BAE6-9564DFB72C2C}.Yaschema|Any CPU.ActiveCfg = Release|Any CPU
		{8992C3F5-10DE-4689-BAE6-9564DFB72C2C}.Yaschema|Any CPU.Build.0 = Release|Any CPU
		{7FD8039A-4B36-4BEE-B698-3CCEAD57D3DA}.Debug|Any CPU.ActiveCfg = Debug|Any CPU
		{7FD8039A-4B36-4BEE-B698-3CCEAD57D3DA}.Debug|Any CPU.Build.0 = Debug|Any CPU
		{7FD8039A-4B36-4BEE-B698-3CCEAD57D3DA}.Focus|Any CPU.ActiveCfg = Debug|Any CPU
		{7FD8039A-4B36-4BEE-B698-3CCEAD57D3DA}.Focus|Any CPU.Build.0 = Debug|Any CPU
		{7FD8039A-4B36-4BEE-B698-3CCEAD57D3DA}.Release|Any CPU.ActiveCfg = Release|Any CPU
		{7FD8039A-4B36-4BEE-B698-3CCEAD57D3DA}.Release|Any CPU.Build.0 = Release|Any CPU
		{7FD8039A-4B36-4BEE-B698-3CCEAD57D3DA}.Windows|Any CPU.ActiveCfg = Debug|Any CPU
		{7FD8039A-4B36-4BEE-B698-3CCEAD57D3DA}.Windows|Any CPU.Build.0 = Debug|Any CPU
		{7FD8039A-4B36-4BEE-B698-3CCEAD57D3DA}.Yaschema|Any CPU.ActiveCfg = Release|Any CPU
		{7FD8039A-4B36-4BEE-B698-3CCEAD57D3DA}.Yaschema|Any CPU.Build.0 = Release|Any CPU
		{CC89DEF9-8371-4E63-8F45-CFCA7965C766}.Debug|Any CPU.ActiveCfg = Debug|Any CPU
		{CC89DEF9-8371-4E63-8F45-CFCA7965C766}.Debug|Any CPU.Build.0 = Debug|Any CPU
		{CC89DEF9-8371-4E63-8F45-CFCA7965C766}.Focus|Any CPU.ActiveCfg = Debug|Any CPU
		{CC89DEF9-8371-4E63-8F45-CFCA7965C766}.Release|Any CPU.ActiveCfg = Release|Any CPU
		{CC89DEF9-8371-4E63-8F45-CFCA7965C766}.Release|Any CPU.Build.0 = Release|Any CPU
		{CC89DEF9-8371-4E63-8F45-CFCA7965C766}.Windows|Any CPU.ActiveCfg = Windows|Any CPU
		{CC89DEF9-8371-4E63-8F45-CFCA7965C766}.Windows|Any CPU.Build.0 = Windows|Any CPU
		{CC89DEF9-8371-4E63-8F45-CFCA7965C766}.Yaschema|Any CPU.ActiveCfg = Debug|Any CPU
		{CC89DEF9-8371-4E63-8F45-CFCA7965C766}.Yaschema|Any CPU.Build.0 = Debug|Any CPU
		{5D6A3151-A317-42D0-BEF4-13621487B3B0}.Debug|Any CPU.ActiveCfg = Debug|Any CPU
		{5D6A3151-A317-42D0-BEF4-13621487B3B0}.Debug|Any CPU.Build.0 = Debug|Any CPU
		{5D6A3151-A317-42D0-BEF4-13621487B3B0}.Focus|Any CPU.ActiveCfg = Debug|Any CPU
		{5D6A3151-A317-42D0-BEF4-13621487B3B0}.Release|Any CPU.ActiveCfg = Release|Any CPU
		{5D6A3151-A317-42D0-BEF4-13621487B3B0}.Release|Any CPU.Build.0 = Release|Any CPU
		{5D6A3151-A317-42D0-BEF4-13621487B3B0}.Windows|Any CPU.ActiveCfg = Debug|Any CPU
		{5D6A3151-A317-42D0-BEF4-13621487B3B0}.Windows|Any CPU.Build.0 = Debug|Any CPU
		{5D6A3151-A317-42D0-BEF4-13621487B3B0}.Yaschema|Any CPU.ActiveCfg = Debug|Any CPU
		{5D6A3151-A317-42D0-BEF4-13621487B3B0}.Yaschema|Any CPU.Build.0 = Debug|Any CPU
		{29647289-C949-4A05-B43F-AFF5D2134A3A}.Debug|Any CPU.ActiveCfg = Debug|Any CPU
		{29647289-C949-4A05-B43F-AFF5D2134A3A}.Debug|Any CPU.Build.0 = Debug|Any CPU
		{29647289-C949-4A05-B43F-AFF5D2134A3A}.Focus|Any CPU.ActiveCfg = Debug|Any CPU
		{29647289-C949-4A05-B43F-AFF5D2134A3A}.Release|Any CPU.ActiveCfg = Release|Any CPU
		{29647289-C949-4A05-B43F-AFF5D2134A3A}.Release|Any CPU.Build.0 = Release|Any CPU
		{29647289-C949-4A05-B43F-AFF5D2134A3A}.Windows|Any CPU.ActiveCfg = Windows|Any CPU
		{29647289-C949-4A05-B43F-AFF5D2134A3A}.Windows|Any CPU.Build.0 = Windows|Any CPU
		{29647289-C949-4A05-B43F-AFF5D2134A3A}.Yaschema|Any CPU.ActiveCfg = Debug|Any CPU
		{29647289-C949-4A05-B43F-AFF5D2134A3A}.Yaschema|Any CPU.Build.0 = Debug|Any CPU
		{697FAAE6-C744-4462-8A95-AEAE2077CEBE}.Debug|Any CPU.ActiveCfg = Debug|Any CPU
		{697FAAE6-C744-4462-8A95-AEAE2077CEBE}.Debug|Any CPU.Build.0 = Debug|Any CPU
		{697FAAE6-C744-4462-8A95-AEAE2077CEBE}.Focus|Any CPU.ActiveCfg = Debug|Any CPU
		{697FAAE6-C744-4462-8A95-AEAE2077CEBE}.Release|Any CPU.ActiveCfg = Release|Any CPU
		{697FAAE6-C744-4462-8A95-AEAE2077CEBE}.Release|Any CPU.Build.0 = Release|Any CPU
		{697FAAE6-C744-4462-8A95-AEAE2077CEBE}.Windows|Any CPU.ActiveCfg = Windows|Any CPU
		{697FAAE6-C744-4462-8A95-AEAE2077CEBE}.Windows|Any CPU.Build.0 = Windows|Any CPU
		{697FAAE6-C744-4462-8A95-AEAE2077CEBE}.Yaschema|Any CPU.ActiveCfg = Debug|Any CPU
		{697FAAE6-C744-4462-8A95-AEAE2077CEBE}.Yaschema|Any CPU.Build.0 = Debug|Any CPU
		{23610CF0-65B8-4C4B-BCAE-9C3233A4380F}.Debug|Any CPU.ActiveCfg = Debug|Any CPU
		{23610CF0-65B8-4C4B-BCAE-9C3233A4380F}.Debug|Any CPU.Build.0 = Debug|Any CPU
		{23610CF0-65B8-4C4B-BCAE-9C3233A4380F}.Focus|Any CPU.ActiveCfg = Debug|Any CPU
		{23610CF0-65B8-4C4B-BCAE-9C3233A4380F}.Release|Any CPU.ActiveCfg = Release|Any CPU
		{23610CF0-65B8-4C4B-BCAE-9C3233A4380F}.Release|Any CPU.Build.0 = Release|Any CPU
		{23610CF0-65B8-4C4B-BCAE-9C3233A4380F}.Windows|Any CPU.ActiveCfg = Windows|Any CPU
		{23610CF0-65B8-4C4B-BCAE-9C3233A4380F}.Windows|Any CPU.Build.0 = Windows|Any CPU
		{23610CF0-65B8-4C4B-BCAE-9C3233A4380F}.Yaschema|Any CPU.ActiveCfg = Debug|Any CPU
		{23610CF0-65B8-4C4B-BCAE-9C3233A4380F}.Yaschema|Any CPU.Build.0 = Debug|Any CPU
		{768DD9AC-878D-4E1F-ADB9-A35C40DDFF98}.Debug|Any CPU.ActiveCfg = Debug|Any CPU
		{768DD9AC-878D-4E1F-ADB9-A35C40DDFF98}.Debug|Any CPU.Build.0 = Debug|Any CPU
		{768DD9AC-878D-4E1F-ADB9-A35C40DDFF98}.Focus|Any CPU.ActiveCfg = Debug|Any CPU
		{768DD9AC-878D-4E1F-ADB9-A35C40DDFF98}.Release|Any CPU.ActiveCfg = Release|Any CPU
		{768DD9AC-878D-4E1F-ADB9-A35C40DDFF98}.Release|Any CPU.Build.0 = Release|Any CPU
		{768DD9AC-878D-4E1F-ADB9-A35C40DDFF98}.Windows|Any CPU.ActiveCfg = Debug|Any CPU
		{768DD9AC-878D-4E1F-ADB9-A35C40DDFF98}.Windows|Any CPU.Build.0 = Debug|Any CPU
		{768DD9AC-878D-4E1F-ADB9-A35C40DDFF98}.Yaschema|Any CPU.ActiveCfg = Debug|Any CPU
		{768DD9AC-878D-4E1F-ADB9-A35C40DDFF98}.Yaschema|Any CPU.Build.0 = Debug|Any CPU
		{773AA019-3995-4638-8DF4-8432E30C7A47}.Debug|Any CPU.ActiveCfg = Debug|Any CPU
		{773AA019-3995-4638-8DF4-8432E30C7A47}.Debug|Any CPU.Build.0 = Debug|Any CPU
		{773AA019-3995-4638-8DF4-8432E30C7A47}.Focus|Any CPU.ActiveCfg = Debug|Any CPU
		{773AA019-3995-4638-8DF4-8432E30C7A47}.Release|Any CPU.ActiveCfg = Release|Any CPU
		{773AA019-3995-4638-8DF4-8432E30C7A47}.Release|Any CPU.Build.0 = Release|Any CPU
		{773AA019-3995-4638-8DF4-8432E30C7A47}.Windows|Any CPU.ActiveCfg = Windows|Any CPU
		{773AA019-3995-4638-8DF4-8432E30C7A47}.Windows|Any CPU.Build.0 = Windows|Any CPU
		{773AA019-3995-4638-8DF4-8432E30C7A47}.Yaschema|Any CPU.ActiveCfg = Debug|Any CPU
		{773AA019-3995-4638-8DF4-8432E30C7A47}.Yaschema|Any CPU.Build.0 = Debug|Any CPU
		{EA74913D-853E-4C07-B537-2B836C927134}.Debug|Any CPU.ActiveCfg = Debug|Any CPU
		{EA74913D-853E-4C07-B537-2B836C927134}.Debug|Any CPU.Build.0 = Debug|Any CPU
		{EA74913D-853E-4C07-B537-2B836C927134}.Focus|Any CPU.ActiveCfg = Debug|Any CPU
		{EA74913D-853E-4C07-B537-2B836C927134}.Release|Any CPU.ActiveCfg = Release|Any CPU
		{EA74913D-853E-4C07-B537-2B836C927134}.Release|Any CPU.Build.0 = Release|Any CPU
		{EA74913D-853E-4C07-B537-2B836C927134}.Windows|Any CPU.ActiveCfg = Windows|Any CPU
		{EA74913D-853E-4C07-B537-2B836C927134}.Windows|Any CPU.Build.0 = Windows|Any CPU
		{EA74913D-853E-4C07-B537-2B836C927134}.Yaschema|Any CPU.ActiveCfg = Debug|Any CPU
		{EA74913D-853E-4C07-B537-2B836C927134}.Yaschema|Any CPU.Build.0 = Debug|Any CPU
		{CE522B01-239F-417D-A8D6-27D78FE4DFD3}.Debug|Any CPU.ActiveCfg = Debug|Any CPU
		{CE522B01-239F-417D-A8D6-27D78FE4DFD3}.Debug|Any CPU.Build.0 = Debug|Any CPU
		{CE522B01-239F-417D-A8D6-27D78FE4DFD3}.Focus|Any CPU.ActiveCfg = Debug|Any CPU
		{CE522B01-239F-417D-A8D6-27D78FE4DFD3}.Release|Any CPU.ActiveCfg = Release|Any CPU
		{CE522B01-239F-417D-A8D6-27D78FE4DFD3}.Release|Any CPU.Build.0 = Release|Any CPU
		{CE522B01-239F-417D-A8D6-27D78FE4DFD3}.Windows|Any CPU.ActiveCfg = Windows|Any CPU
		{CE522B01-239F-417D-A8D6-27D78FE4DFD3}.Windows|Any CPU.Build.0 = Windows|Any CPU
		{CE522B01-239F-417D-A8D6-27D78FE4DFD3}.Yaschema|Any CPU.ActiveCfg = Debug|Any CPU
		{CE522B01-239F-417D-A8D6-27D78FE4DFD3}.Yaschema|Any CPU.Build.0 = Debug|Any CPU
		{A655F26C-BEA1-4469-8C2D-1BDF48DE826D}.Debug|Any CPU.ActiveCfg = Debug|Any CPU
		{A655F26C-BEA1-4469-8C2D-1BDF48DE826D}.Debug|Any CPU.Build.0 = Debug|Any CPU
		{A655F26C-BEA1-4469-8C2D-1BDF48DE826D}.Focus|Any CPU.ActiveCfg = Debug|Any CPU
		{A655F26C-BEA1-4469-8C2D-1BDF48DE826D}.Release|Any CPU.ActiveCfg = Release|Any CPU
		{A655F26C-BEA1-4469-8C2D-1BDF48DE826D}.Release|Any CPU.Build.0 = Release|Any CPU
		{A655F26C-BEA1-4469-8C2D-1BDF48DE826D}.Windows|Any CPU.ActiveCfg = Windows|Any CPU
		{A655F26C-BEA1-4469-8C2D-1BDF48DE826D}.Windows|Any CPU.Build.0 = Windows|Any CPU
		{A655F26C-BEA1-4469-8C2D-1BDF48DE826D}.Yaschema|Any CPU.ActiveCfg = Debug|Any CPU
		{A655F26C-BEA1-4469-8C2D-1BDF48DE826D}.Yaschema|Any CPU.Build.0 = Debug|Any CPU
		{56A35D03-FA02-4010-AC90-F88FE234EF10}.Debug|Any CPU.ActiveCfg = Debug|Any CPU
		{56A35D03-FA02-4010-AC90-F88FE234EF10}.Debug|Any CPU.Build.0 = Debug|Any CPU
		{56A35D03-FA02-4010-AC90-F88FE234EF10}.Focus|Any CPU.ActiveCfg = Debug|Any CPU
		{56A35D03-FA02-4010-AC90-F88FE234EF10}.Release|Any CPU.ActiveCfg = Release|Any CPU
		{56A35D03-FA02-4010-AC90-F88FE234EF10}.Release|Any CPU.Build.0 = Release|Any CPU
		{56A35D03-FA02-4010-AC90-F88FE234EF10}.Windows|Any CPU.ActiveCfg = Windows|Any CPU
		{56A35D03-FA02-4010-AC90-F88FE234EF10}.Windows|Any CPU.Build.0 = Windows|Any CPU
		{56A35D03-FA02-4010-AC90-F88FE234EF10}.Yaschema|Any CPU.ActiveCfg = Yaschema|Any CPU
		{56A35D03-FA02-4010-AC90-F88FE234EF10}.Yaschema|Any CPU.Build.0 = Yaschema|Any CPU
		{DD83EFBF-DA84-4B6F-97A1-003C6BAE5A19}.Debug|Any CPU.ActiveCfg = Debug|Any CPU
		{DD83EFBF-DA84-4B6F-97A1-003C6BAE5A19}.Debug|Any CPU.Build.0 = Debug|Any CPU
		{DD83EFBF-DA84-4B6F-97A1-003C6BAE5A19}.Focus|Any CPU.ActiveCfg = Debug|Any CPU
		{DD83EFBF-DA84-4B6F-97A1-003C6BAE5A19}.Release|Any CPU.ActiveCfg = Release|Any CPU
		{DD83EFBF-DA84-4B6F-97A1-003C6BAE5A19}.Release|Any CPU.Build.0 = Release|Any CPU
		{DD83EFBF-DA84-4B6F-97A1-003C6BAE5A19}.Windows|Any CPU.ActiveCfg = Windows|Any CPU
		{DD83EFBF-DA84-4B6F-97A1-003C6BAE5A19}.Windows|Any CPU.Build.0 = Windows|Any CPU
		{DD83EFBF-DA84-4B6F-97A1-003C6BAE5A19}.Yaschema|Any CPU.ActiveCfg = Yaschema|Any CPU
		{DD83EFBF-DA84-4B6F-97A1-003C6BAE5A19}.Yaschema|Any CPU.Build.0 = Yaschema|Any CPU
		{079D5BB5-06C9-400D-BF04-68542436D33D}.Debug|Any CPU.ActiveCfg = Debug|Any CPU
		{079D5BB5-06C9-400D-BF04-68542436D33D}.Debug|Any CPU.Build.0 = Debug|Any CPU
		{079D5BB5-06C9-400D-BF04-68542436D33D}.Focus|Any CPU.ActiveCfg = Debug|Any CPU
		{079D5BB5-06C9-400D-BF04-68542436D33D}.Release|Any CPU.ActiveCfg = Release|Any CPU
		{079D5BB5-06C9-400D-BF04-68542436D33D}.Release|Any CPU.Build.0 = Release|Any CPU
		{079D5BB5-06C9-400D-BF04-68542436D33D}.Windows|Any CPU.ActiveCfg = Windows|Any CPU
		{079D5BB5-06C9-400D-BF04-68542436D33D}.Windows|Any CPU.Build.0 = Windows|Any CPU
		{079D5BB5-06C9-400D-BF04-68542436D33D}.Yaschema|Any CPU.ActiveCfg = Yaschema|Any CPU
		{079D5BB5-06C9-400D-BF04-68542436D33D}.Yaschema|Any CPU.Build.0 = Yaschema|Any CPU
		{EF8F812A-FC15-42D6-A0C6-A7DCB83894F7}.Debug|Any CPU.ActiveCfg = Debug|Any CPU
		{EF8F812A-FC15-42D6-A0C6-A7DCB83894F7}.Debug|Any CPU.Build.0 = Debug|Any CPU
		{EF8F812A-FC15-42D6-A0C6-A7DCB83894F7}.Focus|Any CPU.ActiveCfg = Focus|Any CPU
		{EF8F812A-FC15-42D6-A0C6-A7DCB83894F7}.Focus|Any CPU.Build.0 = Focus|Any CPU
		{EF8F812A-FC15-42D6-A0C6-A7DCB83894F7}.Release|Any CPU.ActiveCfg = Release|Any CPU
		{EF8F812A-FC15-42D6-A0C6-A7DCB83894F7}.Release|Any CPU.Build.0 = Release|Any CPU
		{EF8F812A-FC15-42D6-A0C6-A7DCB83894F7}.Windows|Any CPU.ActiveCfg = Windows|Any CPU
		{EF8F812A-FC15-42D6-A0C6-A7DCB83894F7}.Windows|Any CPU.Build.0 = Windows|Any CPU
		{EF8F812A-FC15-42D6-A0C6-A7DCB83894F7}.Yaschema|Any CPU.ActiveCfg = Yaschema|Any CPU
		{EF8F812A-FC15-42D6-A0C6-A7DCB83894F7}.Yaschema|Any CPU.Build.0 = Yaschema|Any CPU
		{299098A1-1EB5-4E73-B8A2-5BF1777CD81F}.Debug|Any CPU.ActiveCfg = Debug|Any CPU
		{299098A1-1EB5-4E73-B8A2-5BF1777CD81F}.Debug|Any CPU.Build.0 = Debug|Any CPU
		{299098A1-1EB5-4E73-B8A2-5BF1777CD81F}.Focus|Any CPU.ActiveCfg = Focus|Any CPU
		{299098A1-1EB5-4E73-B8A2-5BF1777CD81F}.Focus|Any CPU.Build.0 = Focus|Any CPU
		{299098A1-1EB5-4E73-B8A2-5BF1777CD81F}.Release|Any CPU.ActiveCfg = Release|Any CPU
		{299098A1-1EB5-4E73-B8A2-5BF1777CD81F}.Release|Any CPU.Build.0 = Release|Any CPU
		{299098A1-1EB5-4E73-B8A2-5BF1777CD81F}.Windows|Any CPU.ActiveCfg = Windows|Any CPU
		{299098A1-1EB5-4E73-B8A2-5BF1777CD81F}.Windows|Any CPU.Build.0 = Windows|Any CPU
		{299098A1-1EB5-4E73-B8A2-5BF1777CD81F}.Yaschema|Any CPU.ActiveCfg = Yaschema|Any CPU
		{299098A1-1EB5-4E73-B8A2-5BF1777CD81F}.Yaschema|Any CPU.Build.0 = Yaschema|Any CPU
		{A2841C18-07E7-47B2-96DF-5E0E023C0952}.Debug|Any CPU.ActiveCfg = Debug|Any CPU
		{A2841C18-07E7-47B2-96DF-5E0E023C0952}.Debug|Any CPU.Build.0 = Debug|Any CPU
		{A2841C18-07E7-47B2-96DF-5E0E023C0952}.Focus|Any CPU.ActiveCfg = Focus|Any CPU
		{A2841C18-07E7-47B2-96DF-5E0E023C0952}.Focus|Any CPU.Build.0 = Focus|Any CPU
		{A2841C18-07E7-47B2-96DF-5E0E023C0952}.Release|Any CPU.ActiveCfg = Release|Any CPU
		{A2841C18-07E7-47B2-96DF-5E0E023C0952}.Release|Any CPU.Build.0 = Release|Any CPU
		{A2841C18-07E7-47B2-96DF-5E0E023C0952}.Windows|Any CPU.ActiveCfg = Windows|Any CPU
		{A2841C18-07E7-47B2-96DF-5E0E023C0952}.Windows|Any CPU.Build.0 = Windows|Any CPU
		{A2841C18-07E7-47B2-96DF-5E0E023C0952}.Yaschema|Any CPU.ActiveCfg = Yaschema|Any CPU
		{A2841C18-07E7-47B2-96DF-5E0E023C0952}.Yaschema|Any CPU.Build.0 = Yaschema|Any CPU
	EndGlobalSection
	GlobalSection(SolutionProperties) = preSolution
		HideSolutionNode = FALSE
	EndGlobalSection
	GlobalSection(NestedProjects) = preSolution
		{1649F0C4-A8F4-4835-8D8F-44B07F02BFD6} = {686756E8-0590-4BDD-8FD1-7970B28DD7A7}
		{207F564A-4341-4C8F-A33E-0F151A89F772} = {39908450-823B-4875-856F-728AFA12F1AF}
		{4081427D-3168-45CA-90C7-FD6F3BD065ED} = {ABB78329-764B-4E40-BD37-CEA394A9984F}
		{971F3418-D21C-4D08-8B3D-E25713B27372} = {0E5E8890-BA6C-4E9E-8591-20D521295BC5}
		{83294E25-0B37-4B3F-A821-7730A76B01DB} = {ABB78329-764B-4E40-BD37-CEA394A9984F}
		{25942FC9-3341-4A52-8D5A-0BAFCA36E0D0} = {39908450-823B-4875-856F-728AFA12F1AF}
		{9E2F87A5-D424-42F6-B5C7-31089C68BD4E} = {39908450-823B-4875-856F-728AFA12F1AF}
		{73B63D15-6A7A-4B0A-A73B-CB75B7EF483A} = {6D06B2A3-36E6-44A9-B34B-A42DA26313D6}
		{8992C3F5-10DE-4689-BAE6-9564DFB72C2C} = {686756E8-0590-4BDD-8FD1-7970B28DD7A7}
		{7FD8039A-4B36-4BEE-B698-3CCEAD57D3DA} = {0E5E8890-BA6C-4E9E-8591-20D521295BC5}
		{CC89DEF9-8371-4E63-8F45-CFCA7965C766} = {F1AFC7EC-7329-4FB1-A522-F39A8A32DC0B}
		{5D6A3151-A317-42D0-BEF4-13621487B3B0} = {F1AFC7EC-7329-4FB1-A522-F39A8A32DC0B}
		{29647289-C949-4A05-B43F-AFF5D2134A3A} = {F1AFC7EC-7329-4FB1-A522-F39A8A32DC0B}
		{697FAAE6-C744-4462-8A95-AEAE2077CEBE} = {F1AFC7EC-7329-4FB1-A522-F39A8A32DC0B}
		{23610CF0-65B8-4C4B-BCAE-9C3233A4380F} = {F1AFC7EC-7329-4FB1-A522-F39A8A32DC0B}
		{768DD9AC-878D-4E1F-ADB9-A35C40DDFF98} = {F1AFC7EC-7329-4FB1-A522-F39A8A32DC0B}
		{773AA019-3995-4638-8DF4-8432E30C7A47} = {F1AFC7EC-7329-4FB1-A522-F39A8A32DC0B}
		{EA74913D-853E-4C07-B537-2B836C927134} = {F1AFC7EC-7329-4FB1-A522-F39A8A32DC0B}
		{CE522B01-239F-417D-A8D6-27D78FE4DFD3} = {F1AFC7EC-7329-4FB1-A522-F39A8A32DC0B}
		{A655F26C-BEA1-4469-8C2D-1BDF48DE826D} = {F1AFC7EC-7329-4FB1-A522-F39A8A32DC0B}
		{56A35D03-FA02-4010-AC90-F88FE234EF10} = {F1AFC7EC-7329-4FB1-A522-F39A8A32DC0B}
		{DD83EFBF-DA84-4B6F-97A1-003C6BAE5A19} = {F1AFC7EC-7329-4FB1-A522-F39A8A32DC0B}
		{079D5BB5-06C9-400D-BF04-68542436D33D} = {F1AFC7EC-7329-4FB1-A522-F39A8A32DC0B}
		{EF8F812A-FC15-42D6-A0C6-A7DCB83894F7} = {F1AFC7EC-7329-4FB1-A522-F39A8A32DC0B}
		{299098A1-1EB5-4E73-B8A2-5BF1777CD81F} = {F1AFC7EC-7329-4FB1-A522-F39A8A32DC0B}
		{A2841C18-07E7-47B2-96DF-5E0E023C0952} = {F1AFC7EC-7329-4FB1-A522-F39A8A32DC0B}
	EndGlobalSection
	GlobalSection(ExtensibilityGlobals) = postSolution
		SolutionGuid = {D9E6CF97-739E-4831-9476-C18ACF950637}
	EndGlobalSection
EndGlobal
